lockVersion: 2.0.0
id: 7fa83af8-9e8e-4410-b7e2-cf1d0eaf688b
management:
  docChecksum: fa84b97788428c5cf27eda1a28d8a57f
  docVersion: 1.0.0
  speakeasyVersion: internal
  generationVersion: 2.230.1
  releaseVersion: 3.0.0
  configChecksum: 28b00cbb7d9141392c5658f0c5132683
  repoURL: https://github.com/StackOneHQ/stackone-client-typescript.git
  repoSubDirectory: .
  installationURL: https://github.com/StackOneHQ/stackone-client-typescript
  published: true
features:
  typescript:
    core: 3.4.3
    globalSecurity: 2.82.2
    globalServerURLs: 2.82.1
    nameOverrides: 2.81.1
generatedFiles:
  - src/sdk/accounts.ts
  - src/sdk/connectsessions.ts
  - src/sdk/connectors.ts
  - src/sdk/proxy.ts
  - src/sdk/sdk.ts
  - .eslintrc.js
  - .npmignore
  - package-lock.json
  - package.json
  - src/index.ts
  - src/lib/base64.ts
  - src/lib/config.ts
  - src/lib/encodings.ts
  - src/lib/http.ts
  - src/lib/retries.ts
  - src/lib/sdks.ts
  - src/lib/security.ts
  - src/lib/url.ts
  - src/sdk/index.ts
  - src/sdk/models/errors/sdkerror.ts
  - src/sdk/types/blobs.ts
  - src/sdk/types/decimal.ts
  - src/sdk/types/index.ts
  - src/sdk/types/operations.ts
  - src/sdk/types/rfcdate.ts
  - tsconfig.json
  - src/sdk/models/operations/stackonedeleteaccount.ts
  - src/sdk/models/operations/stackonegetaccount.ts
  - src/sdk/models/operations/stackonegetaccountmetainfo.ts
  - src/sdk/models/operations/stackonelistlinkedaccounts.ts
  - src/sdk/models/operations/stackoneupdateaccount.ts
  - src/sdk/models/operations/stackoneauthenticateconnectsession.ts
  - src/sdk/models/operations/stackonecreateconnectsession.ts
  - src/sdk/models/operations/stackonegetconnectormeta.ts
  - src/sdk/models/operations/stackonelistconnectorsmeta.ts
  - src/sdk/models/operations/stackoneproxyrequest.ts
  - src/sdk/models/shared/linkedaccount.ts
  - src/sdk/models/shared/linkedaccountmeta.ts
  - src/sdk/models/shared/patchaccountdto.ts
  - src/sdk/models/shared/connectsession.ts
  - src/sdk/models/shared/connectsessionauthenticate.ts
  - src/sdk/models/shared/connectsessiontoken.ts
  - src/sdk/models/shared/connectsessioncreate.ts
  - src/sdk/models/shared/connectorsmeta.ts
  - src/sdk/models/shared/proxyrequestbody.ts
  - src/sdk/models/shared/security.ts
  - src/sdk/models/errors/index.ts
  - src/sdk/models/operations/index.ts
  - src/sdk/models/shared/index.ts
  - docs/sdk/models/operations/stackonedeleteaccountrequest.md
  - docs/sdk/models/operations/stackonedeleteaccountresponse.md
  - docs/sdk/models/operations/stackonegetaccountrequest.md
  - docs/sdk/models/operations/stackonegetaccountresponse.md
  - docs/sdk/models/operations/stackonegetaccountmetainforequest.md
  - docs/sdk/models/operations/stackonegetaccountmetainforesponse.md
  - docs/sdk/models/operations/stackonelistlinkedaccountsrequest.md
  - docs/sdk/models/operations/stackonelistlinkedaccountsresponse.md
  - docs/sdk/models/operations/stackoneupdateaccountrequest.md
  - docs/sdk/models/operations/stackoneupdateaccountresponse.md
  - docs/sdk/models/operations/stackoneauthenticateconnectsessionresponse.md
  - docs/sdk/models/operations/stackonecreateconnectsessionresponse.md
  - docs/sdk/models/operations/stackonegetconnectormetarequest.md
  - docs/sdk/models/operations/stackonegetconnectormetaresponse.md
  - docs/sdk/models/operations/stackonelistconnectorsmetarequest.md
  - docs/sdk/models/operations/stackonelistconnectorsmetaresponse.md
  - docs/sdk/models/operations/stackoneproxyrequestrequest.md
  - docs/sdk/models/operations/stackoneproxyrequestresponse.md
  - docs/sdk/models/shared/credentials.md
  - docs/sdk/models/shared/setupinformation.md
  - docs/sdk/models/shared/linkedaccount.md
  - docs/sdk/models/shared/linkedaccountmetacategory.md
  - docs/sdk/models/shared/linkedaccountmetamodels.md
  - docs/sdk/models/shared/linkedaccountmeta.md
  - docs/sdk/models/shared/patchaccountdto.md
  - docs/sdk/models/shared/categories.md
  - docs/sdk/models/shared/connectsession.md
  - docs/sdk/models/shared/connectsessionauthenticate.md
  - docs/sdk/models/shared/connectsessiontokencategories.md
  - docs/sdk/models/shared/connectsessiontoken.md
  - docs/sdk/models/shared/connectsessioncreatecategories.md
  - docs/sdk/models/shared/metadata.md
  - docs/sdk/models/shared/connectsessioncreate.md
  - docs/sdk/models/shared/category.md
  - docs/sdk/models/shared/models.md
  - docs/sdk/models/shared/resources.md
  - docs/sdk/models/shared/connectorsmeta.md
  - docs/sdk/models/shared/body.md
  - docs/sdk/models/shared/headers.md
  - docs/sdk/models/shared/method.md
  - docs/sdk/models/shared/proxyrequestbody.md
  - docs/sdk/models/shared/security.md
  - docs/sdks/stackone/README.md
  - docs/sdks/accounts/README.md
  - docs/sdks/connectsessions/README.md
  - docs/sdks/connectors/README.md
  - docs/sdks/proxy/README.md
  - USAGE.md
  - .gitattributes
