lockVersion: 2.0.0
id: 7fa83af8-9e8e-4410-b7e2-cf1d0eaf688b
management:
  docChecksum: 195d04f74d8b935bd298354eda5f4eba
  docVersion: 1.0.0
  speakeasyVersion: internal
  generationVersion: 2.234.1
  releaseVersion: 2.3.0
  configChecksum: 4af37409e5fac9e81e99127aa7b6c8c9
  repoURL: https://github.com/StackOneHQ/stackone-client-typescript.git
  repoSubDirectory: .
  installationURL: https://github.com/StackOneHQ/stackone-client-typescript
  published: true
features:
  typescript:
    constsAndDefaults: 0.1.1
    core: 3.4.6
    deprecations: 2.81.1
    examples: 2.81.3
    globalSecurity: 2.82.2
    globalServerURLs: 2.82.1
    groups: 2.81.2
    nameOverrides: 2.81.1
    pagination: 2.82.0
    unions: 2.85.0
generatedFiles:
  - src/sdk/accounts.ts
  - src/sdk/connectsessions.ts
  - src/sdk/connectors.ts
  - src/sdk/ats.ts
  - src/sdk/crm.ts
  - src/sdk/hris.ts
  - src/sdk/marketing.ts
  - src/sdk/proxy.ts
  - src/sdk/sdk.ts
  - .eslintrc.js
  - .npmignore
  - RUNTIMES.md
  - package-lock.json
  - package.json
  - src/index.ts
  - src/lib/base64.ts
  - src/lib/config.ts
  - src/lib/encodings.ts
  - src/lib/event-streams.ts
  - src/lib/http.ts
  - src/lib/retries.ts
  - src/lib/sdks.ts
  - src/lib/security.ts
  - src/lib/url.ts
  - src/sdk/index.ts
  - src/sdk/models/errors/sdkerror.ts
  - src/sdk/types/blobs.ts
  - src/sdk/types/decimal.ts
  - src/sdk/types/index.ts
  - src/sdk/types/operations.ts
  - src/sdk/types/rfcdate.ts
  - tsconfig.json
  - src/sdk/models/operations/stackonedeleteaccount.ts
  - src/sdk/models/operations/stackonegetaccount.ts
  - src/sdk/models/operations/stackonegetaccountmetainfo.ts
  - src/sdk/models/operations/stackonelistlinkedaccounts.ts
  - src/sdk/models/operations/stackoneupdateaccount.ts
  - src/sdk/models/operations/stackoneauthenticateconnectsession.ts
  - src/sdk/models/operations/stackonecreateconnectsession.ts
  - src/sdk/models/operations/stackonegetconnectormeta.ts
  - src/sdk/models/operations/stackonelistconnectorsmeta.ts
  - src/sdk/models/operations/atscreateapplication.ts
  - src/sdk/models/operations/atscreatecandidate.ts
  - src/sdk/models/operations/atscreatecandidatenote.ts
  - src/sdk/models/operations/atscreateoffer.ts
  - src/sdk/models/operations/atsgetapplication.ts
  - src/sdk/models/operations/atsgetapplicationoffer.ts
  - src/sdk/models/operations/atsgetapplicationscorecard.ts
  - src/sdk/models/operations/atsgetcandidate.ts
  - src/sdk/models/operations/atsgetcandidatenote.ts
  - src/sdk/models/operations/atsgetdepartment.ts
  - src/sdk/models/operations/atsgetinterview.ts
  - src/sdk/models/operations/atsgetinterviewstage.ts
  - src/sdk/models/operations/atsgetjob.ts
  - src/sdk/models/operations/atsgetjobposting.ts
  - src/sdk/models/operations/atsgetlocation.ts
  - src/sdk/models/operations/atsgetoffer.ts
  - src/sdk/models/operations/atsgetrejectedreason.ts
  - src/sdk/models/operations/atsgetuser.ts
  - src/sdk/models/operations/atslistapplicationscorecards.ts
  - src/sdk/models/operations/atslistapplications.ts
  - src/sdk/models/operations/atslistapplicationsoffers.ts
  - src/sdk/models/operations/atslistcandidatenotes.ts
  - src/sdk/models/operations/atslistcandidates.ts
  - src/sdk/models/operations/atslistdepartments.ts
  - src/sdk/models/operations/atslistinterviewstages.ts
  - src/sdk/models/operations/atslistinterviews.ts
  - src/sdk/models/operations/atslistjobpostings.ts
  - src/sdk/models/operations/atslistjobs.ts
  - src/sdk/models/operations/atslistlocations.ts
  - src/sdk/models/operations/atslistoffers.ts
  - src/sdk/models/operations/atslistrejectedreasons.ts
  - src/sdk/models/operations/atslistusers.ts
  - src/sdk/models/operations/atsupdateapplication.ts
  - src/sdk/models/operations/atsupdatecandidate.ts
  - src/sdk/models/operations/crmcreatecontact.ts
  - src/sdk/models/operations/crmgetaccount.ts
  - src/sdk/models/operations/crmgetcontact.ts
  - src/sdk/models/operations/crmgetlist.ts
  - src/sdk/models/operations/crmlistaccounts.ts
  - src/sdk/models/operations/crmlistcontacts.ts
  - src/sdk/models/operations/crmlistlists.ts
  - src/sdk/models/operations/crmupdatecontact.ts
  - src/sdk/models/operations/hriscreateemployee.ts
  - src/sdk/models/operations/hriscreateemployeetimeoffrequest.ts
  - src/sdk/models/operations/hriscreatetimeoffrequest.ts
  - src/sdk/models/operations/hrisgetcompany.ts
  - src/sdk/models/operations/hrisgetemployee.ts
  - src/sdk/models/operations/hrisgetemployeedocument.ts
  - src/sdk/models/operations/hrisgetemployeestimeoffrequest.ts
  - src/sdk/models/operations/hrisgetemployment.ts
  - src/sdk/models/operations/hrisgetlocation.ts
  - src/sdk/models/operations/hrisgettimeoffrequest.ts
  - src/sdk/models/operations/hrislistcompanies.ts
  - src/sdk/models/operations/hrislistemployeedocuments.ts
  - src/sdk/models/operations/hrislistemployeetimeoffrequests.ts
  - src/sdk/models/operations/hrislistemployees.ts
  - src/sdk/models/operations/hrislistemployments.ts
  - src/sdk/models/operations/hrislistlocations.ts
  - src/sdk/models/operations/hrislisttimeoffrequests.ts
  - src/sdk/models/operations/hrisupdateemployee.ts
  - src/sdk/models/operations/hrisupdatetimeoffrequest.ts
  - src/sdk/models/operations/marketingcreateemailtemplate.ts
  - src/sdk/models/operations/marketingcreateomnichanneltemplate.ts
  - src/sdk/models/operations/marketingcreatepushtemplate.ts
  - src/sdk/models/operations/marketinggetcampaign.ts
  - src/sdk/models/operations/marketinggetemailtemplate.ts
  - src/sdk/models/operations/marketinggetomnichanneltemplate.ts
  - src/sdk/models/operations/marketinggetpushtemplate.ts
  - src/sdk/models/operations/marketinglistcampaigns.ts
  - src/sdk/models/operations/marketinglistemailtemplates.ts
  - src/sdk/models/operations/marketinglistomnichanneltemplates.ts
  - src/sdk/models/operations/marketinglistpushtemplates.ts
  - src/sdk/models/operations/marketingupdateemailtemplate.ts
  - src/sdk/models/operations/marketingupdateomnichanneltemplate.ts
  - src/sdk/models/operations/marketingupdatepushtemplate.ts
  - src/sdk/models/operations/stackoneproxyrequest.ts
  - src/sdk/models/shared/linkedaccount.ts
  - src/sdk/models/shared/linkedaccountmeta.ts
  - src/sdk/models/shared/patchaccountdto.ts
  - src/sdk/models/shared/connectsession.ts
  - src/sdk/models/shared/connectsessionauthenticate.ts
  - src/sdk/models/shared/connectsessiontoken.ts
  - src/sdk/models/shared/connectsessioncreate.ts
  - src/sdk/models/shared/connectorsmeta.ts
  - src/sdk/models/shared/createresult.ts
  - src/sdk/models/shared/atscreateapplicationrequestdto.ts
  - src/sdk/models/shared/questionnaire.ts
  - src/sdk/models/shared/answer.ts
  - src/sdk/models/shared/applicationcandidate.ts
  - src/sdk/models/shared/applicationattachment.ts
  - src/sdk/models/shared/attachmenttype.ts
  - src/sdk/models/shared/applicationstatusenumapimodel.ts
  - src/sdk/models/shared/candidateresult.ts
  - src/sdk/models/shared/rawresponse.ts
  - src/sdk/models/shared/candidate.ts
  - src/sdk/models/shared/sociallink.ts
  - src/sdk/models/shared/candidateemail.ts
  - src/sdk/models/shared/atscreatecandidaterequestdto.ts
  - src/sdk/models/shared/createcandidatenoteresult.ts
  - src/sdk/models/shared/atscreatenotesrequestdto.ts
  - src/sdk/models/shared/notecontentapimodel.ts
  - src/sdk/models/shared/createofferresult.ts
  - src/sdk/models/shared/atscreateofferrequestdto.ts
  - src/sdk/models/shared/offerstatusenum.ts
  - src/sdk/models/shared/offerhistory.ts
  - src/sdk/models/shared/applicationresult.ts
  - src/sdk/models/shared/application.ts
  - src/sdk/models/shared/resultlink.ts
  - src/sdk/models/shared/rejectedreason.ts
  - src/sdk/models/shared/rejectedreasontypeenum.ts
  - src/sdk/models/shared/interviewstage.ts
  - src/sdk/models/shared/offersresult.ts
  - src/sdk/models/shared/offer.ts
  - src/sdk/models/shared/noteresult.ts
  - src/sdk/models/shared/note.ts
  - src/sdk/models/shared/departmentresult.ts
  - src/sdk/models/shared/department.ts
  - src/sdk/models/shared/interviewsresult.ts
  - src/sdk/models/shared/interview.ts
  - src/sdk/models/shared/interviewer.ts
  - src/sdk/models/shared/interviewpart.ts
  - src/sdk/models/shared/interviewstageresult.ts
  - src/sdk/models/shared/jobresult.ts
  - src/sdk/models/shared/job.ts
  - src/sdk/models/shared/jobstatusenum.ts
  - src/sdk/models/shared/hiringteam.ts
  - src/sdk/models/shared/jobpostingresult.ts
  - src/sdk/models/shared/jobposting.ts
  - src/sdk/models/shared/location.ts
  - src/sdk/models/shared/compensation.ts
  - src/sdk/models/shared/atslocationresult.ts
  - src/sdk/models/shared/atslocation.ts
  - src/sdk/models/shared/rejectedreasonresult.ts
  - src/sdk/models/shared/userresult.ts
  - src/sdk/models/shared/user.ts
  - src/sdk/models/shared/scorecardspaginated.ts
  - src/sdk/models/shared/scorecard.ts
  - src/sdk/models/shared/scorecardsection.ts
  - src/sdk/models/shared/field.ts
  - src/sdk/models/shared/applicationspaginated.ts
  - src/sdk/models/shared/offerspaginated.ts
  - src/sdk/models/shared/notespaginated.ts
  - src/sdk/models/shared/candidatespaginated.ts
  - src/sdk/models/shared/departmentspaginated.ts
  - src/sdk/models/shared/interviewstagespaginated.ts
  - src/sdk/models/shared/interviewspaginated.ts
  - src/sdk/models/shared/jobpostingspaginated.ts
  - src/sdk/models/shared/jobspaginated.ts
  - src/sdk/models/shared/atslocationspaginated.ts
  - src/sdk/models/shared/rejectedreasonspaginated.ts
  - src/sdk/models/shared/userspaginated.ts
  - src/sdk/models/shared/updateresult.ts
  - src/sdk/models/shared/atsupdateapplicationrequestdto.ts
  - src/sdk/models/shared/atsupdatecandidatesrequestdto.ts
  - src/sdk/models/shared/contactresult.ts
  - src/sdk/models/shared/contact.ts
  - src/sdk/models/shared/crmcreatecontactrequestdto.ts
  - src/sdk/models/shared/accountresult.ts
  - src/sdk/models/shared/account.ts
  - src/sdk/models/shared/accountaddress.ts
  - src/sdk/models/shared/listresult.ts
  - src/sdk/models/shared/list.ts
  - src/sdk/models/shared/accountspaginated.ts
  - src/sdk/models/shared/contactspaginated.ts
  - src/sdk/models/shared/listspaginated.ts
  - src/sdk/models/shared/createemployeeresult.ts
  - src/sdk/models/shared/hriscreateemployeerequestdto.ts
  - src/sdk/models/shared/employment.ts
  - src/sdk/models/shared/employeecustomfields.ts
  - src/sdk/models/shared/countrycodeenum.ts
  - src/sdk/models/shared/createtimeoffresult.ts
  - src/sdk/models/shared/hriscreatetimeoffrequestdto.ts
  - src/sdk/models/shared/companyresult.ts
  - src/sdk/models/shared/company.ts
  - src/sdk/models/shared/employeeresult.ts
  - src/sdk/models/shared/employee.ts
  - src/sdk/models/shared/documentresult.ts
  - src/sdk/models/shared/documentapimodel.ts
  - src/sdk/models/shared/documenttypeenum.ts
  - src/sdk/models/shared/content.ts
  - src/sdk/models/shared/timeoffresult.ts
  - src/sdk/models/shared/timeoff.ts
  - src/sdk/models/shared/employmentresult.ts
  - src/sdk/models/shared/hrislocationresult.ts
  - src/sdk/models/shared/hrislocation.ts
  - src/sdk/models/shared/companiespaginated.ts
  - src/sdk/models/shared/documentspaginated.ts
  - src/sdk/models/shared/timeoffpaginated.ts
  - src/sdk/models/shared/employeespaginated.ts
  - src/sdk/models/shared/employmentspaginated.ts
  - src/sdk/models/shared/hrislocationspaginated.ts
  - src/sdk/models/shared/createtemplateresult.ts
  - src/sdk/models/shared/marketingcreateemailtemplaterequestdto.ts
  - src/sdk/models/shared/emailmessages.ts
  - src/sdk/models/shared/marketingcreatetemplaterequestdto.ts
  - src/sdk/models/shared/message.ts
  - src/sdk/models/shared/marketingcreatepushtemplaterequestdto.ts
  - src/sdk/models/shared/pushmessages.ts
  - src/sdk/models/shared/campaignresult.ts
  - src/sdk/models/shared/campaign.ts
  - src/sdk/models/shared/channelsenum.ts
  - src/sdk/models/shared/templateresult.ts
  - src/sdk/models/shared/template.ts
  - src/sdk/models/shared/campaignspaginated.ts
  - src/sdk/models/shared/templatespaginated.ts
  - src/sdk/models/shared/proxyrequestbody.ts
  - src/sdk/models/shared/security.ts
  - src/sdk/models/errors/index.ts
  - src/sdk/models/operations/index.ts
  - src/sdk/models/shared/index.ts
  - docs/sdk/models/operations/stackonedeleteaccountrequest.md
  - docs/sdk/models/operations/stackonedeleteaccountresponse.md
  - docs/sdk/models/operations/stackonegetaccountrequest.md
  - docs/sdk/models/operations/stackonegetaccountresponse.md
  - docs/sdk/models/operations/stackonegetaccountmetainforequest.md
  - docs/sdk/models/operations/stackonegetaccountmetainforesponse.md
  - docs/sdk/models/operations/stackonelistlinkedaccountsrequest.md
  - docs/sdk/models/operations/stackonelistlinkedaccountsresponse.md
  - docs/sdk/models/operations/stackoneupdateaccountrequest.md
  - docs/sdk/models/operations/stackoneupdateaccountresponse.md
  - docs/sdk/models/operations/stackoneauthenticateconnectsessionresponse.md
  - docs/sdk/models/operations/stackonecreateconnectsessionresponse.md
  - docs/sdk/models/operations/stackonegetconnectormetarequest.md
  - docs/sdk/models/operations/stackonegetconnectormetaresponse.md
  - docs/sdk/models/operations/stackonelistconnectorsmetarequest.md
  - docs/sdk/models/operations/stackonelistconnectorsmetaresponse.md
  - docs/sdk/models/operations/atscreateapplicationrequest.md
  - docs/sdk/models/operations/atscreateapplicationresponse.md
  - docs/sdk/models/operations/atscreatecandidaterequest.md
  - docs/sdk/models/operations/atscreatecandidateresponse.md
  - docs/sdk/models/operations/atscreatecandidatenoterequest.md
  - docs/sdk/models/operations/atscreatecandidatenoteresponse.md
  - docs/sdk/models/operations/atscreateofferrequest.md
  - docs/sdk/models/operations/atscreateofferresponse.md
  - docs/sdk/models/operations/atsgetapplicationrequest.md
  - docs/sdk/models/operations/atsgetapplicationresponse.md
  - docs/sdk/models/operations/atsgetapplicationofferrequest.md
  - docs/sdk/models/operations/atsgetapplicationofferresponse.md
  - docs/sdk/models/operations/atsgetapplicationscorecardrequest.md
  - docs/sdk/models/operations/atsgetapplicationscorecardresponse.md
  - docs/sdk/models/operations/atsgetcandidaterequest.md
  - docs/sdk/models/operations/atsgetcandidateresponse.md
  - docs/sdk/models/operations/atsgetcandidatenoterequest.md
  - docs/sdk/models/operations/atsgetcandidatenoteresponse.md
  - docs/sdk/models/operations/atsgetdepartmentrequest.md
  - docs/sdk/models/operations/atsgetdepartmentresponse.md
  - docs/sdk/models/operations/atsgetinterviewrequest.md
  - docs/sdk/models/operations/atsgetinterviewresponse.md
  - docs/sdk/models/operations/atsgetinterviewstagerequest.md
  - docs/sdk/models/operations/atsgetinterviewstageresponse.md
  - docs/sdk/models/operations/atsgetjobrequest.md
  - docs/sdk/models/operations/atsgetjobresponse.md
  - docs/sdk/models/operations/atsgetjobpostingrequest.md
  - docs/sdk/models/operations/atsgetjobpostingresponse.md
  - docs/sdk/models/operations/atsgetlocationrequest.md
  - docs/sdk/models/operations/atsgetlocationresponse.md
  - docs/sdk/models/operations/atsgetofferrequest.md
  - docs/sdk/models/operations/atsgetofferresponse.md
  - docs/sdk/models/operations/atsgetrejectedreasonrequest.md
  - docs/sdk/models/operations/atsgetrejectedreasonresponse.md
  - docs/sdk/models/operations/atsgetuserrequest.md
  - docs/sdk/models/operations/atsgetuserresponse.md
  - docs/sdk/models/operations/atslistapplicationscorecardsrequest.md
  - docs/sdk/models/operations/atslistapplicationscorecardsresponse.md
  - docs/sdk/models/operations/atslistapplicationsrequest.md
  - docs/sdk/models/operations/atslistapplicationsresponse.md
  - docs/sdk/models/operations/atslistapplicationsoffersrequest.md
  - docs/sdk/models/operations/atslistapplicationsoffersresponse.md
  - docs/sdk/models/operations/atslistcandidatenotesrequest.md
  - docs/sdk/models/operations/atslistcandidatenotesresponse.md
  - docs/sdk/models/operations/atslistcandidatesrequest.md
  - docs/sdk/models/operations/atslistcandidatesresponse.md
  - docs/sdk/models/operations/atslistdepartmentsrequest.md
  - docs/sdk/models/operations/atslistdepartmentsresponse.md
  - docs/sdk/models/operations/atslistinterviewstagesrequest.md
  - docs/sdk/models/operations/atslistinterviewstagesresponse.md
  - docs/sdk/models/operations/atslistinterviewsrequest.md
  - docs/sdk/models/operations/atslistinterviewsresponse.md
  - docs/sdk/models/operations/atslistjobpostingsrequest.md
  - docs/sdk/models/operations/atslistjobpostingsresponse.md
  - docs/sdk/models/operations/atslistjobsrequest.md
  - docs/sdk/models/operations/atslistjobsresponse.md
  - docs/sdk/models/operations/atslistlocationsrequest.md
  - docs/sdk/models/operations/atslistlocationsresponse.md
  - docs/sdk/models/operations/atslistoffersrequest.md
  - docs/sdk/models/operations/atslistoffersresponse.md
  - docs/sdk/models/operations/atslistrejectedreasonsrequest.md
  - docs/sdk/models/operations/atslistrejectedreasonsresponse.md
  - docs/sdk/models/operations/atslistusersrequest.md
  - docs/sdk/models/operations/atslistusersresponse.md
  - docs/sdk/models/operations/atsupdateapplicationrequest.md
  - docs/sdk/models/operations/atsupdateapplicationresponse.md
  - docs/sdk/models/operations/atsupdatecandidaterequest.md
  - docs/sdk/models/operations/atsupdatecandidateresponse.md
  - docs/sdk/models/operations/crmcreatecontactrequest.md
  - docs/sdk/models/operations/crmcreatecontactresponse.md
  - docs/sdk/models/operations/crmgetaccountrequest.md
  - docs/sdk/models/operations/crmgetaccountresponse.md
  - docs/sdk/models/operations/crmgetcontactrequest.md
  - docs/sdk/models/operations/crmgetcontactresponse.md
  - docs/sdk/models/operations/crmgetlistrequest.md
  - docs/sdk/models/operations/crmgetlistresponse.md
  - docs/sdk/models/operations/crmlistaccountsrequest.md
  - docs/sdk/models/operations/crmlistaccountsresponse.md
  - docs/sdk/models/operations/crmlistcontactsrequest.md
  - docs/sdk/models/operations/crmlistcontactsresponse.md
  - docs/sdk/models/operations/crmlistlistsrequest.md
  - docs/sdk/models/operations/crmlistlistsresponse.md
  - docs/sdk/models/operations/crmupdatecontactrequest.md
  - docs/sdk/models/operations/crmupdatecontactresponse.md
  - docs/sdk/models/operations/hriscreateemployeerequest.md
  - docs/sdk/models/operations/hriscreateemployeeresponse.md
  - docs/sdk/models/operations/hriscreateemployeetimeoffrequestrequest.md
  - docs/sdk/models/operations/hriscreateemployeetimeoffrequestresponse.md
  - docs/sdk/models/operations/hriscreatetimeoffrequestrequest.md
  - docs/sdk/models/operations/hriscreatetimeoffrequestresponse.md
  - docs/sdk/models/operations/hrisgetcompanyrequest.md
  - docs/sdk/models/operations/hrisgetcompanyresponse.md
  - docs/sdk/models/operations/hrisgetemployeerequest.md
  - docs/sdk/models/operations/hrisgetemployeeresponse.md
  - docs/sdk/models/operations/hrisgetemployeedocumentrequest.md
  - docs/sdk/models/operations/hrisgetemployeedocumentresponse.md
  - docs/sdk/models/operations/hrisgetemployeestimeoffrequestrequest.md
  - docs/sdk/models/operations/hrisgetemployeestimeoffrequestresponse.md
  - docs/sdk/models/operations/hrisgetemploymentrequest.md
  - docs/sdk/models/operations/hrisgetemploymentresponse.md
  - docs/sdk/models/operations/hrisgetlocationrequest.md
  - docs/sdk/models/operations/hrisgetlocationresponse.md
  - docs/sdk/models/operations/hrisgettimeoffrequestrequest.md
  - docs/sdk/models/operations/hrisgettimeoffrequestresponse.md
  - docs/sdk/models/operations/hrislistcompaniesrequest.md
  - docs/sdk/models/operations/hrislistcompaniesresponse.md
  - docs/sdk/models/operations/hrislistemployeedocumentsrequest.md
  - docs/sdk/models/operations/hrislistemployeedocumentsresponse.md
  - docs/sdk/models/operations/hrislistemployeetimeoffrequestsrequest.md
  - docs/sdk/models/operations/hrislistemployeetimeoffrequestsresponse.md
  - docs/sdk/models/operations/hrislistemployeesrequest.md
  - docs/sdk/models/operations/hrislistemployeesresponse.md
  - docs/sdk/models/operations/hrislistemploymentsrequest.md
  - docs/sdk/models/operations/hrislistemploymentsresponse.md
  - docs/sdk/models/operations/hrislistlocationsrequest.md
  - docs/sdk/models/operations/hrislistlocationsresponse.md
  - docs/sdk/models/operations/hrislisttimeoffrequestsrequest.md
  - docs/sdk/models/operations/hrislisttimeoffrequestsresponse.md
  - docs/sdk/models/operations/hrisupdateemployeerequest.md
  - docs/sdk/models/operations/hrisupdateemployeeresponse.md
  - docs/sdk/models/operations/hrisupdatetimeoffrequestrequest.md
  - docs/sdk/models/operations/hrisupdatetimeoffrequestresponse.md
  - docs/sdk/models/operations/marketingcreateemailtemplaterequest.md
  - docs/sdk/models/operations/marketingcreateemailtemplateresponse.md
  - docs/sdk/models/operations/marketingcreateomnichanneltemplaterequest.md
  - docs/sdk/models/operations/marketingcreateomnichanneltemplateresponse.md
  - docs/sdk/models/operations/marketingcreatepushtemplaterequest.md
  - docs/sdk/models/operations/marketingcreatepushtemplateresponse.md
  - docs/sdk/models/operations/marketinggetcampaignrequest.md
  - docs/sdk/models/operations/marketinggetcampaignresponse.md
  - docs/sdk/models/operations/marketinggetemailtemplaterequest.md
  - docs/sdk/models/operations/marketinggetemailtemplateresponse.md
  - docs/sdk/models/operations/marketinggetomnichanneltemplaterequest.md
  - docs/sdk/models/operations/marketinggetomnichanneltemplateresponse.md
  - docs/sdk/models/operations/marketinggetpushtemplaterequest.md
  - docs/sdk/models/operations/marketinggetpushtemplateresponse.md
  - docs/sdk/models/operations/marketinglistcampaignsrequest.md
  - docs/sdk/models/operations/marketinglistcampaignsresponse.md
  - docs/sdk/models/operations/marketinglistemailtemplatesrequest.md
  - docs/sdk/models/operations/marketinglistemailtemplatesresponse.md
  - docs/sdk/models/operations/marketinglistomnichanneltemplatesrequest.md
  - docs/sdk/models/operations/marketinglistomnichanneltemplatesresponse.md
  - docs/sdk/models/operations/marketinglistpushtemplatesrequest.md
  - docs/sdk/models/operations/marketinglistpushtemplatesresponse.md
  - docs/sdk/models/operations/marketingupdateemailtemplaterequest.md
  - docs/sdk/models/operations/marketingupdateemailtemplateresponse.md
  - docs/sdk/models/operations/marketingupdateomnichanneltemplaterequest.md
  - docs/sdk/models/operations/marketingupdateomnichanneltemplateresponse.md
  - docs/sdk/models/operations/marketingupdatepushtemplaterequest.md
  - docs/sdk/models/operations/marketingupdatepushtemplateresponse.md
  - docs/sdk/models/operations/stackoneproxyrequestrequest.md
  - docs/sdk/models/operations/stackoneproxyrequestresponse.md
  - docs/sdk/models/shared/credentials.md
  - docs/sdk/models/shared/setupinformation.md
  - docs/sdk/models/shared/linkedaccount.md
  - docs/sdk/models/shared/linkedaccountmetacategory.md
  - docs/sdk/models/shared/linkedaccountmeta.md
  - docs/sdk/models/shared/patchaccountdto.md
  - docs/sdk/models/shared/categories.md
  - docs/sdk/models/shared/connectsession.md
  - docs/sdk/models/shared/connectsessionauthenticate.md
  - docs/sdk/models/shared/connectsessiontokencategories.md
  - docs/sdk/models/shared/connectsessiontoken.md
  - docs/sdk/models/shared/connectsessioncreatecategories.md
  - docs/sdk/models/shared/metadata.md
  - docs/sdk/models/shared/connectsessioncreate.md
  - docs/sdk/models/shared/category.md
  - docs/sdk/models/shared/images.md
  - docs/sdk/models/shared/resources.md
  - docs/sdk/models/shared/connectorsmeta.md
  - docs/sdk/models/shared/createresult.md
  - docs/sdk/models/shared/atscreateapplicationrequestdto.md
  - docs/sdk/models/shared/questionnaire.md
  - docs/sdk/models/shared/answervalue.md
  - docs/sdk/models/shared/typet.md
  - docs/sdk/models/shared/answer.md
  - docs/sdk/models/shared/applicationcandidate.md
  - docs/sdk/models/shared/applicationattachmentvalue.md
  - docs/sdk/models/shared/contenttype.md
  - docs/sdk/models/shared/applicationattachment.md
  - docs/sdk/models/shared/attachmenttypevalue.md
  - docs/sdk/models/shared/attachmenttype.md
  - docs/sdk/models/shared/value.md
  - docs/sdk/models/shared/applicationstatusenumapimodel.md
  - docs/sdk/models/shared/candidateresult.md
  - docs/sdk/models/shared/response.md
  - docs/sdk/models/shared/rawresponse.md
  - docs/sdk/models/shared/candidate.md
  - docs/sdk/models/shared/sociallink.md
  - docs/sdk/models/shared/candidateemail.md
  - docs/sdk/models/shared/atscreatecandidaterequestdto.md
  - docs/sdk/models/shared/createcandidatenoteresult.md
  - docs/sdk/models/shared/atscreatenotesrequestdtovalue.md
  - docs/sdk/models/shared/visibility.md
  - docs/sdk/models/shared/atscreatenotesrequestdto.md
  - docs/sdk/models/shared/notecontentapimodel.md
  - docs/sdk/models/shared/createofferresult.md
  - docs/sdk/models/shared/atscreateofferrequestdto.md
  - docs/sdk/models/shared/offerstatusenumvalue.md
  - docs/sdk/models/shared/offerstatusenum.md
  - docs/sdk/models/shared/offerhistory.md
  - docs/sdk/models/shared/applicationresult.md
  - docs/sdk/models/shared/application.md
  - docs/sdk/models/shared/resultlink.md
  - docs/sdk/models/shared/rejectedreason.md
  - docs/sdk/models/shared/rejectedreasontypeenumvalue.md
  - docs/sdk/models/shared/rejectedreasontypeenum.md
  - docs/sdk/models/shared/interviewstage.md
  - docs/sdk/models/shared/offersresult.md
  - docs/sdk/models/shared/offer.md
  - docs/sdk/models/shared/noteresult.md
  - docs/sdk/models/shared/notevalue.md
  - docs/sdk/models/shared/notevisibility.md
  - docs/sdk/models/shared/note.md
  - docs/sdk/models/shared/departmentresult.md
  - docs/sdk/models/shared/department.md
  - docs/sdk/models/shared/interviewsresult.md
  - docs/sdk/models/shared/interviewvalue.md
  - docs/sdk/models/shared/interviewstatus.md
  - docs/sdk/models/shared/interview.md
  - docs/sdk/models/shared/interviewer.md
  - docs/sdk/models/shared/interviewpart.md
  - docs/sdk/models/shared/interviewstageresult.md
  - docs/sdk/models/shared/jobresult.md
  - docs/sdk/models/shared/confidential.md
  - docs/sdk/models/shared/job.md
  - docs/sdk/models/shared/jobstatusenumvalue.md
  - docs/sdk/models/shared/jobstatusenum.md
  - docs/sdk/models/shared/hiringteam.md
  - docs/sdk/models/shared/jobpostingresult.md
  - docs/sdk/models/shared/jobpostingcontent.md
  - docs/sdk/models/shared/jobpostingvalue.md
  - docs/sdk/models/shared/jobpostingemploymentcontracttype.md
  - docs/sdk/models/shared/jobpostingschemasvalue.md
  - docs/sdk/models/shared/jobpostingemploymenttype.md
  - docs/sdk/models/shared/internal.md
  - docs/sdk/models/shared/jobpostingschemasstatusvalue.md
  - docs/sdk/models/shared/jobpostingstatus.md
  - docs/sdk/models/shared/jobposting.md
  - docs/sdk/models/shared/location.md
  - docs/sdk/models/shared/compensationvalue.md
  - docs/sdk/models/shared/payfrequency.md
  - docs/sdk/models/shared/compensationschemasvalue.md
  - docs/sdk/models/shared/payperiod.md
  - docs/sdk/models/shared/compensationschemastypevalue.md
  - docs/sdk/models/shared/compensationtype.md
  - docs/sdk/models/shared/compensation.md
  - docs/sdk/models/shared/atslocationresult.md
  - docs/sdk/models/shared/atslocation.md
  - docs/sdk/models/shared/rejectedreasonresult.md
  - docs/sdk/models/shared/userresult.md
  - docs/sdk/models/shared/user.md
  - docs/sdk/models/shared/scorecardspaginated.md
  - docs/sdk/models/shared/overallrecommendation.md
  - docs/sdk/models/shared/scorecard.md
  - docs/sdk/models/shared/scorecardsection.md
  - docs/sdk/models/shared/fieldtype.md
  - docs/sdk/models/shared/field.md
  - docs/sdk/models/shared/applicationspaginated.md
  - docs/sdk/models/shared/offerspaginated.md
  - docs/sdk/models/shared/notespaginated.md
  - docs/sdk/models/shared/candidatespaginated.md
  - docs/sdk/models/shared/departmentspaginated.md
  - docs/sdk/models/shared/interviewstagespaginated.md
  - docs/sdk/models/shared/interviewspaginated.md
  - docs/sdk/models/shared/jobpostingspaginated.md
  - docs/sdk/models/shared/jobspaginated.md
  - docs/sdk/models/shared/atslocationspaginated.md
  - docs/sdk/models/shared/rejectedreasonspaginated.md
  - docs/sdk/models/shared/userspaginated.md
  - docs/sdk/models/shared/updateresult.md
  - docs/sdk/models/shared/atsupdateapplicationrequestdto.md
  - docs/sdk/models/shared/atsupdatecandidatesrequestdto.md
  - docs/sdk/models/shared/contactresult.md
  - docs/sdk/models/shared/contact.md
  - docs/sdk/models/shared/crmcreatecontactrequestdto.md
  - docs/sdk/models/shared/accountresult.md
  - docs/sdk/models/shared/account.md
  - docs/sdk/models/shared/accountaddressschemasvalue.md
  - docs/sdk/models/shared/country.md
  - docs/sdk/models/shared/accountaddressvalue.md
  - docs/sdk/models/shared/locationtype.md
  - docs/sdk/models/shared/accountaddress.md
  - docs/sdk/models/shared/listresult.md
  - docs/sdk/models/shared/listvalue.md
  - docs/sdk/models/shared/listtype.md
  - docs/sdk/models/shared/list.md
  - docs/sdk/models/shared/accountspaginated.md
  - docs/sdk/models/shared/contactspaginated.md
  - docs/sdk/models/shared/listspaginated.md
  - docs/sdk/models/shared/createemployeeresult.md
  - docs/sdk/models/shared/hriscreateemployeerequestdtoavatar.md
  - docs/sdk/models/shared/hriscreateemployeerequestdtovalue.md
  - docs/sdk/models/shared/hriscreateemployeerequestdtoemploymentcontracttype.md
  - docs/sdk/models/shared/hriscreateemployeerequestdtoschemasvalue.md
  - docs/sdk/models/shared/hriscreateemployeerequestdtoemploymentstatus.md
  - docs/sdk/models/shared/hriscreateemployeerequestdtoschemasemploymenttypevalue.md
  - docs/sdk/models/shared/hriscreateemployeerequestdtoemploymenttype.md
  - docs/sdk/models/shared/hriscreateemployeerequestdtoschemasethnicityvalue.md
  - docs/sdk/models/shared/hriscreateemployeerequestdtoethnicity.md
  - docs/sdk/models/shared/hriscreateemployeerequestdtoschemasgendervalue.md
  - docs/sdk/models/shared/hriscreateemployeerequestdtogender.md
  - docs/sdk/models/shared/hriscreateemployeerequestdtoschemashomelocationvalue.md
  - docs/sdk/models/shared/hriscreateemployeerequestdtocountry.md
  - docs/sdk/models/shared/hriscreateemployeerequestdtoschemashomelocationstatevalue.md
  - docs/sdk/models/shared/state.md
  - docs/sdk/models/shared/hriscreateemployeerequestdtohomelocation.md
  - docs/sdk/models/shared/hriscreateemployeerequestdtoschemasmaritalstatusvalue.md
  - docs/sdk/models/shared/hriscreateemployeerequestdtomaritalstatus.md
  - docs/sdk/models/shared/hriscreateemployeerequestdtoschemasworklocationvalue.md
  - docs/sdk/models/shared/hriscreateemployeerequestdtoschemascountry.md
  - docs/sdk/models/shared/hriscreateemployeerequestdtoschemasworklocationstatevalue.md
  - docs/sdk/models/shared/hriscreateemployeerequestdtostate.md
  - docs/sdk/models/shared/hriscreateemployeerequestdtoworklocation.md
  - docs/sdk/models/shared/hriscreateemployeerequestdto.md
  - docs/sdk/models/shared/employmentvalue.md
  - docs/sdk/models/shared/employmentemploymentcontracttype.md
  - docs/sdk/models/shared/employmentschemasvalue.md
  - docs/sdk/models/shared/employmentemploymenttype.md
  - docs/sdk/models/shared/employmentschemaspayfrequencyvalue.md
  - docs/sdk/models/shared/employmentpayfrequency.md
  - docs/sdk/models/shared/employmentschemaspayperiodvalue.md
  - docs/sdk/models/shared/employmentpayperiod.md
  - docs/sdk/models/shared/employment.md
  - docs/sdk/models/shared/employeecustomfieldsschemasvalue.md
  - docs/sdk/models/shared/employeecustomfieldstype.md
  - docs/sdk/models/shared/employeecustomfieldsvalue.md
  - docs/sdk/models/shared/employeecustomfields.md
  - docs/sdk/models/shared/countrycodeenumvalue.md
  - docs/sdk/models/shared/countrycodeenum.md
  - docs/sdk/models/shared/createtimeoffresult.md
  - docs/sdk/models/shared/hriscreatetimeoffrequestdtovalue.md
  - docs/sdk/models/shared/hriscreatetimeoffrequestdtostatus.md
  - docs/sdk/models/shared/hriscreatetimeoffrequestdtoschemasvalue.md
  - docs/sdk/models/shared/hriscreatetimeoffrequestdtotype.md
  - docs/sdk/models/shared/hriscreatetimeoffrequestdto.md
  - docs/sdk/models/shared/companyresult.md
  - docs/sdk/models/shared/company.md
  - docs/sdk/models/shared/employeeresult.md
  - docs/sdk/models/shared/avatar.md
  - docs/sdk/models/shared/employeevalue.md
  - docs/sdk/models/shared/employmentcontracttype.md
  - docs/sdk/models/shared/employeeschemasvalue.md
  - docs/sdk/models/shared/employmentstatus.md
  - docs/sdk/models/shared/employeeschemasemploymenttypevalue.md
  - docs/sdk/models/shared/employmenttype.md
  - docs/sdk/models/shared/employeeschemasethnicityvalue.md
  - docs/sdk/models/shared/ethnicity.md
  - docs/sdk/models/shared/employeeschemasgendervalue.md
  - docs/sdk/models/shared/gender.md
  - docs/sdk/models/shared/employeeschemashomelocationvalue.md
  - docs/sdk/models/shared/employeecountry.md
  - docs/sdk/models/shared/employeeschemashomelocationlocationtypevalue.md
  - docs/sdk/models/shared/employeelocationtype.md
  - docs/sdk/models/shared/homelocation.md
  - docs/sdk/models/shared/employeeschemasmaritalstatusvalue.md
  - docs/sdk/models/shared/maritalstatus.md
  - docs/sdk/models/shared/employeeschemasworklocationvalue.md
  - docs/sdk/models/shared/employeeschemascountry.md
  - docs/sdk/models/shared/employeeschemasworklocationlocationtypevalue.md
  - docs/sdk/models/shared/employeeschemaslocationtype.md
  - docs/sdk/models/shared/worklocation.md
  - docs/sdk/models/shared/employee.md
  - docs/sdk/models/shared/documentresult.md
  - docs/sdk/models/shared/documentapimodel.md
  - docs/sdk/models/shared/documenttypeenumvalue.md
  - docs/sdk/models/shared/documenttypeenum.md
  - docs/sdk/models/shared/content.md
  - docs/sdk/models/shared/timeoffresult.md
  - docs/sdk/models/shared/timeoffvalue.md
  - docs/sdk/models/shared/timeoffstatus.md
  - docs/sdk/models/shared/timeoffschemasvalue.md
  - docs/sdk/models/shared/timeofftype.md
  - docs/sdk/models/shared/timeoff.md
  - docs/sdk/models/shared/employmentresult.md
  - docs/sdk/models/shared/hrislocationresult.md
  - docs/sdk/models/shared/hrislocationvalue.md
  - docs/sdk/models/shared/hrislocationcountry.md
  - docs/sdk/models/shared/hrislocationschemasvalue.md
  - docs/sdk/models/shared/hrislocationlocationtype.md
  - docs/sdk/models/shared/hrislocation.md
  - docs/sdk/models/shared/companiespaginated.md
  - docs/sdk/models/shared/documentspaginated.md
  - docs/sdk/models/shared/timeoffpaginated.md
  - docs/sdk/models/shared/employeespaginated.md
  - docs/sdk/models/shared/employmentspaginated.md
  - docs/sdk/models/shared/hrislocationspaginated.md
  - docs/sdk/models/shared/createtemplateresult.md
  - docs/sdk/models/shared/marketingcreateemailtemplaterequestdto.md
  - docs/sdk/models/shared/messagecontent.md
  - docs/sdk/models/shared/emailmessagesvalue.md
  - docs/sdk/models/shared/messagetype.md
  - docs/sdk/models/shared/emailmessages.md
  - docs/sdk/models/shared/marketingcreatetemplaterequestdto.md
  - docs/sdk/models/shared/pushmessagecontentsschemas.md
  - docs/sdk/models/shared/schemas.md
  - docs/sdk/models/shared/smsmessagecontentsschemas.md
  - docs/sdk/models/shared/messagemessagecontent.md
  - docs/sdk/models/shared/messagemessagetype.md
  - docs/sdk/models/shared/message.md
  - docs/sdk/models/shared/marketingcreatepushtemplaterequestdto.md
  - docs/sdk/models/shared/pushmessagesmessagecontent.md
  - docs/sdk/models/shared/pushmessagesvalue.md
  - docs/sdk/models/shared/pushmessagesmessagetype.md
  - docs/sdk/models/shared/pushmessages.md
  - docs/sdk/models/shared/campaignresult.md
  - docs/sdk/models/shared/campaignvalue.md
  - docs/sdk/models/shared/scheduletype.md
  - docs/sdk/models/shared/campaignschemasvalue.md
  - docs/sdk/models/shared/status.md
  - docs/sdk/models/shared/campaign.md
  - docs/sdk/models/shared/channelsenumvalue.md
  - docs/sdk/models/shared/channelsenum.md
  - docs/sdk/models/shared/templateresult.md
  - docs/sdk/models/shared/template.md
  - docs/sdk/models/shared/campaignspaginated.md
  - docs/sdk/models/shared/templatespaginated.md
  - docs/sdk/models/shared/body.md
  - docs/sdk/models/shared/headers.md
  - docs/sdk/models/shared/method.md
  - docs/sdk/models/shared/proxyrequestbody.md
  - docs/sdk/models/shared/security.md
  - docs/sdks/stackone/README.md
  - docs/sdks/accounts/README.md
  - docs/sdks/connectsessions/README.md
  - docs/sdks/connectors/README.md
  - docs/sdks/ats/README.md
  - docs/sdks/crm/README.md
  - docs/sdks/hris/README.md
  - docs/sdks/marketing/README.md
  - docs/sdks/proxy/README.md
  - USAGE.md
  - .gitattributes
