speakeasyVersion: 1.299.4
sources:
    my-source:
        sourceNamespace: my-source
        sourceRevisionDigest: sha256:459dc1b99085b1ad719760dde56346e2acec9da496b853830c07556d8b9d890f
        sourceBlobDigest: sha256:274cc4660fe8be9ed4a8158b6522df08767549f1c09b7b0fe237bd33a144aeb1
        tags:
            - latest
            - main
targets:
    StackOneTypeScriptClient:
        source: my-source
        sourceNamespace: my-source
        sourceRevisionDigest: sha256:459dc1b99085b1ad719760dde56346e2acec9da496b853830c07556d8b9d890f
        sourceBlobDigest: sha256:274cc4660fe8be9ed4a8158b6522df08767549f1c09b7b0fe237bd33a144aeb1
        outLocation: /github/workspace/repo
workflow:
    workflowVersion: 1.0.0
    speakeasyVersion: latest
    sources:
        my-source:
            inputs:
                - location: https://api2.eu1.stackone.com/oas/stackone.json
                - location: https://api2.eu1.stackone.com/oas/hris.json
                - location: https://api2.eu1.stackone.com/oas/ats.json
                - location: https://api2.eu1.stackone.com/oas/crm.json
                - location: https://api2.eu1.stackone.com/oas/iam.json
                - location: https://api2.eu1.stackone.com/oas/marketing.json
            registry:
                location: registry.speakeasyapi.dev/stackone/stackone/my-source
    targets:
        StackOneTypeScriptClient:
            target: typescript
            source: my-source
            publish:
                npm:
                    token: $NPM_TOKEN
            codeSamples:
                output: codeSamples.yaml
