speakeasyVersion: 1.591.0
sources:
    my-source:
        sourceNamespace: my-source
        sourceRevisionDigest: sha256:f7bd8b7fe90ba15f6c9b63c25a766cc7ed3f5aef103784060c5fc73568ef013c
        sourceBlobDigest: sha256:41c324bfdcbea483103949f1c6b893e474d6470b5f569c7196312b8c8492448a
        tags:
            - latest
            - speakeasy-sdk-regen-1753693848
            - 1.0.0
targets:
    StackOneTypeScriptClient:
        source: my-source
        sourceNamespace: my-source
        sourceRevisionDigest: sha256:f7bd8b7fe90ba15f6c9b63c25a766cc7ed3f5aef103784060c5fc73568ef013c
        sourceBlobDigest: sha256:41c324bfdcbea483103949f1c6b893e474d6470b5f569c7196312b8c8492448a
        codeSamplesNamespace: code-samples-typescript-stackonetypescriptclient
        codeSamplesRevisionDigest: sha256:5c9a27af7d5987a57b27dfe6873337bdd9c21e2f9f21f5e55898b22cbd8b3d8d
workflow:
    workflowVersion: 1.0.0
    speakeasyVersion: latest
    sources:
        my-source:
            inputs:
                - location: https://api.eu1.stackone.com/oas/stackone.json
                - location: https://api.eu1.stackone.com/oas/hris.json
                - location: https://api.eu1.stackone.com/oas/ats.json
                - location: https://api.eu1.stackone.com/oas/crm.json
                - location: https://api.eu1.stackone.com/oas/iam.json
                - location: https://api.eu1.stackone.com/oas/marketing.json
                - location: https://api.eu1.stackone.com/oas/lms.json
                - location: https://api.eu1.stackone.com/oas/ticketing.json
                - location: https://api.eu1.stackone.com/oas/documents.json
            registry:
                location: registry.speakeasyapi.dev/stackone/stackone/my-source
    targets:
        StackOneTypeScriptClient:
            target: typescript
            source: my-source
            publish:
                npm:
                    token: $NPM_TOKEN
            codeSamples:
                output: codeSamples.yaml
                registry:
                    location: registry.speakeasyapi.dev/stackone/stackone/code-samples-typescript-stackonetypescriptclient
