speakeasyVersion: 1.291.0
sources:
    my-source:
        sourceNamespace: my-source
        sourceRevisionDigest: sha256:bf884b851756cc5b35478f0b9689ec3307bb924f7548660d5ef045555020fecf
        sourceBlobDigest: sha256:dbe3d22eb2d4d6da52b2df7d4b27d4123cea533fdc5afe5b11748a8a4cb37f0a
        tags:
            - latest
            - main
targets:
    StackOneTypeScriptClient:
        source: my-source
        sourceNamespace: my-source
        sourceRevisionDigest: sha256:bf884b851756cc5b35478f0b9689ec3307bb924f7548660d5ef045555020fecf
        sourceBlobDigest: sha256:dbe3d22eb2d4d6da52b2df7d4b27d4123cea533fdc5afe5b11748a8a4cb37f0a
        outLocation: /github/workspace/repo
workflow:
    workflowVersion: 1.0.0
    speakeasyVersion: latest
    sources:
        my-source:
            inputs:
                - location: https://api2.eu1.stackone.com/oas/stackone.json
                - location: https://api2.eu1.stackone.com/oas/hris.json
                - location: https://api2.eu1.stackone.com/oas/ats.json
                - location: https://api2.eu1.stackone.com/oas/crm.json
                - location: https://api2.eu1.stackone.com/oas/iam.json
                - location: https://api2.eu1.stackone.com/oas/marketing.json
            registry:
                location: registry.speakeasyapi.dev/stackone/stackone/my-source
    targets:
        StackOneTypeScriptClient:
            target: typescript
            source: my-source
            publish:
                npm:
                    token: $NPM_TOKEN
            codeSamples:
                output: codeSamples.yaml
